// !$*UTF8*$!
{
	archiveVersion = 1;
	classes = {
	};
	objectVersion = 46;
	objects = {

/* Begin PBXBuildFile section */
		E43C59AF1E288AD800D585C2 /* ZMCat.m in Sources */ = {isa = PBXBuildFile; fileRef = E43C59AE1E288AD800D585C2 /* ZMCat.m */; };
		E48C3EBB1E279436005D2C62 /* ZMDog.m in Sources */ = {isa = PBXBuildFile; fileRef = E48C3EBA1E279436005D2C62 /* ZMDog.m */; };
		E48C3EBE1E2880F5005D2C62 /* ZMBase.m in Sources */ = {isa = PBXBuildFile; fileRef = E48C3EBD1E2880F5005D2C62 /* ZMBase.m */; };
		E495649F1E24ED420058F102 /* main.m in Sources */ = {isa = PBXBuildFile; fileRef = E495649E1E24ED420058F102 /* main.m */; };
		E49564A21E24ED420058F102 /* AppDelegate.m in Sources */ = {isa = PBXBuildFile; fileRef = E49564A11E24ED420058F102 /* AppDelegate.m */; };
		E49564A51E24ED420058F102 /* ViewController.m in Sources */ = {isa = PBXBuildFile; fileRef = E49564A41E24ED420058F102 /* ViewController.m */; };
		E49564A81E24ED420058F102 /* Main.storyboard in Resources */ = {isa = PBXBuildFile; fileRef = E49564A61E24ED420058F102 /* Main.storyboard */; };
		E49564AA1E24ED420058F102 /* Assets.xcassets in Resources */ = {isa = PBXBuildFile; fileRef = E49564A91E24ED420058F102 /* Assets.xcassets */; };
		E49564AD1E24ED420058F102 /* LaunchScreen.storyboard in Resources */ = {isa = PBXBuildFile; fileRef = E49564AB1E24ED420058F102 /* LaunchScreen.storyboard */; };
		E49564B71E24EDBD0058F102 /* ZMPerson.m in Sources */ = {isa = PBXBuildFile; fileRef = E49564B61E24EDBD0058F102 /* ZMPerson.m */; };
/* End PBXBuildFile section */

/* Begin PBXFileReference section */
		E43C59AD1E288AD800D585C2 /* ZMCat.h */ = {isa = PBXFileReference; fileEncoding = 4; lastKnownFileType = sourcecode.c.h; path = ZMCat.h; sourceTree = "<group>"; };
		E43C59AE1E288AD800D585C2 /* ZMCat.m */ = {isa = PBXFileReference; fileEncoding = 4; lastKnownFileType = sourcecode.c.objc; path = ZMCat.m; sourceTree = "<group>"; };
		E48C3EB91E279436005D2C62 /* ZMDog.h */ = {isa = PBXFileReference; fileEncoding = 4; lastKnownFileType = sourcecode.c.h; path = ZMDog.h; sourceTree = "<group>"; };
		E48C3EBA1E279436005D2C62 /* ZMDog.m */ = {isa = PBXFileReference; fileEncoding = 4; lastKnownFileType = sourcecode.c.objc; path = ZMDog.m; sourceTree = "<group>"; };
		E48C3EBC1E2880F5005D2C62 /* ZMBase.h */ = {isa = PBXFileReference; fileEncoding = 4; lastKnownFileType = sourcecode.c.h; path = ZMBase.h; sourceTree = "<group>"; };
		E48C3EBD1E2880F5005D2C62 /* ZMBase.m */ = {isa = PBXFileReference; fileEncoding = 4; lastKnownFileType = sourcecode.c.objc; path = ZMBase.m; sourceTree = "<group>"; };
		E495649A1E24ED420058F102 /* ObjCMessageSendDemo.app */ = {isa = PBXFileReference; explicitFileType = wrapper.application; includeInIndex = 0; path = ObjCMessageSendDemo.app; sourceTree = BUILT_PRODUCTS_DIR; };
		E495649E1E24ED420058F102 /* main.m */ = {isa = PBXFileReference; lastKnownFileType = sourcecode.c.objc; path = main.m; sourceTree = "<group>"; };
		E49564A01E24ED420058F102 /* AppDelegate.h */ = {isa = PBXFileReference; lastKnownFileType = sourcecode.c.h; path = AppDelegate.h; sourceTree = "<group>"; };
		E49564A11E24ED420058F102 /* AppDelegate.m */ = {isa = PBXFileReference; lastKnownFileType = sourcecode.c.objc; path = AppDelegate.m; sourceTree = "<group>"; };
		E49564A31E24ED420058F102 /* ViewController.h */ = {isa = PBXFileReference; lastKnownFileType = sourcecode.c.h; path = ViewController.h; sourceTree = "<group>"; };
		E49564A41E24ED420058F102 /* ViewController.m */ = {isa = PBXFileReference; lastKnownFileType = sourcecode.c.objc; path = ViewController.m; sourceTree = "<group>"; };
		E49564A71E24ED420058F102 /* Base */ = {isa = PBXFileReference; lastKnownFileType = file.storyboard; name = Base; path = Base.lproj/Main.storyboard; sourceTree = "<group>"; };
		E49564A91E24ED420058F102 /* Assets.xcassets */ = {isa = PBXFileReference; lastKnownFileType = folder.assetcatalog; path = Assets.xcassets; sourceTree = "<group>"; };
		E49564AC1E24ED420058F102 /* Base */ = {isa = PBXFileReference; lastKnownFileType = file.storyboard; name = Base; path = Base.lproj/LaunchScreen.storyboard; sourceTree = "<group>"; };
		E49564AE1E24ED420058F102 /* Info.plist */ = {isa = PBXFileReference; lastKnownFileType = text.plist.xml; path = Info.plist; sourceTree = "<group>"; };
		E49564B51E24EDBD0058F102 /* ZMPerson.h */ = {isa = PBXFileReference; fileEncoding = 4; lastKnownFileType = sourcecode.c.h; path = ZMPerson.h; sourceTree = "<group>"; };
		E49564B61E24EDBD0058F102 /* ZMPerson.m */ = {isa = PBXFileReference; fileEncoding = 4; lastKnownFileType = sourcecode.c.objc; path = ZMPerson.m; sourceTree = "<group>"; };
/* End PBXFileReference section */

/* Begin PBXFrameworksBuildPhase section */
		E49564971E24ED420058F102 /* Frameworks */ = {
			isa = PBXFrameworksBuildPhase;
			buildActionMask = 2147483647;
			files = (
			);
			runOnlyForDeploymentPostprocessing = 0;
		};
/* End PBXFrameworksBuildPhase section */

/* Begin PBXGroup section */
		E49564911E24ED420058F102 = {
			isa = PBXGroup;
			children = (
				E495649C1E24ED420058F102 /* ObjCMessageSendDemo */,
				E495649B1E24ED420058F102 /* Products */,
			);
			sourceTree = "<group>";
		};
		E495649B1E24ED420058F102 /* Products */ = {
			isa = PBXGroup;
			children = (
				E495649A1E24ED420058F102 /* ObjCMessageSendDemo.app */,
			);
			name = Products;
			sourceTree = "<group>";
		};
		E495649C1E24ED420058F102 /* ObjCMessageSendDemo */ = {
			isa = PBXGroup;
			children = (
				E49564B41E24ED930058F102 /* MessageSend */,
				E49564A01E24ED420058F102 /* AppDelegate.h */,
				E49564A11E24ED420058F102 /* AppDelegate.m */,
				E49564A31E24ED420058F102 /* ViewController.h */,
				E49564A41E24ED420058F102 /* ViewController.m */,
				E49564A61E24ED420058F102 /* Main.storyboard */,
				E49564A91E24ED420058F102 /* Assets.xcassets */,
				E49564AB1E24ED420058F102 /* LaunchScreen.storyboard */,
				E49564AE1E24ED420058F102 /* Info.plist */,
				E495649D1E24ED420058F102 /* Supporting Files */,
			);
			path = ObjCMessageSendDemo;
			sourceTree = "<group>";
		};
		E495649D1E24ED420058F102 /* Supporting Files */ = {
			isa = PBXGroup;
			children = (
				E495649E1E24ED420058F102 /* main.m */,
			);
			name = "Supporting Files";
			sourceTree = "<group>";
		};
		E49564B41E24ED930058F102 /* MessageSend */ = {
			isa = PBXGroup;
			children = (
				E49564B51E24EDBD0058F102 /* ZMPerson.h */,
				E49564B61E24EDBD0058F102 /* ZMPerson.m */,
				E48C3EB91E279436005D2C62 /* ZMDog.h */,
				E48C3EBA1E279436005D2C62 /* ZMDog.m */,
				E48C3EBC1E2880F5005D2C62 /* ZMBase.h */,
				E48C3EBD1E2880F5005D2C62 /* ZMBase.m */,
				E43C59AD1E288AD800D585C2 /* ZMCat.h */,
				E43C59AE1E288AD800D585C2 /* ZMCat.m */,
			);
			path = MessageSend;
			sourceTree = "<group>";
		};
/* End PBXGroup section */

/* Begin PBXNativeTarget section */
		E49564991E24ED420058F102 /* ObjCMessageSendDemo */ = {
			isa = PBXNativeTarget;
			buildConfigurationList = E49564B11E24ED420058F102 /* Build configuration list for PBXNativeTarget "ObjCMessageSendDemo" */;
			buildPhases = (
				E49564961E24ED420058F102 /* Sources */,
				E49564971E24ED420058F102 /* Frameworks */,
				E49564981E24ED420058F102 /* Resources */,
			);
			buildRules = (
			);
			dependencies = (
			);
			name = ObjCMessageSendDemo;
			productName = ObjCMessageSendDemo;
			productReference = E495649A1E24ED420058F102 /* ObjCMessageSendDemo.app */;
			productType = "com.apple.product-type.application";
		};
/* End PBXNativeTarget section */

/* Begin PBXProject section */
		E49564921E24ED420058F102 /* Project object */ = {
			isa = PBXProject;
			attributes = {
				LastUpgradeCheck = 0820;
				ORGANIZATIONNAME = fenbi;
				TargetAttributes = {
					E49564991E24ED420058F102 = {
						CreatedOnToolsVersion = 8.2.1;
						ProvisioningStyle = Manual;
					};
				};
			};
			buildConfigurationList = E49564951E24ED420058F102 /* Build configuration list for PBXProject "ObjCMessageSendDemo" */;
			compatibilityVersion = "Xcode 3.2";
			developmentRegion = English;
			hasScannedForEncodings = 0;
			knownRegions = (
				en,
				Base,
			);
			mainGroup = E49564911E24ED420058F102;
			productRefGroup = E495649B1E24ED420058F102 /* Products */;
			projectDirPath = "";
			projectRoot = "";
			targets = (
				E49564991E24ED420058F102 /* ObjCMessageSendDemo */,
			);
		};
/* End PBXProject section */

/* Begin PBXResourcesBuildPhase section */
		E49564981E24ED420058F102 /* Resources */ = {
			isa = PBXResourcesBuildPhase;
			buildActionMask = 2147483647;
			files = (
				E49564AD1E24ED420058F102 /* LaunchScreen.storyboard in Resources */,
				E49564AA1E24ED420058F102 /* Assets.xcassets in Resources */,
				E49564A81E24ED420058F102 /* Main.storyboard in Resources */,
			);
			runOnlyForDeploymentPostprocessing = 0;
		};
/* End PBXResourcesBuildPhase section */

/* Begin PBXSourcesBuildPhase section */
		E49564961E24ED420058F102 /* Sources */ = {
			isa = PBXSourcesBuildPhase;
			buildActionMask = 2147483647;
			files = (
				E49564A51E24ED420058F102 /* ViewController.m in Sources */,
				E48C3EBE1E2880F5005D2C62 /* ZMBase.m in Sources */,
				E49564A21E24ED420058F102 /* AppDelegate.m in Sources */,
				E48C3EBB1E279436005D2C62 /* ZMDog.m in Sources */,
				E43C59AF1E288AD800D585C2 /* ZMCat.m in Sources */,
				E495649F1E24ED420058F102 /* main.m in Sources */,
				E49564B71E24EDBD0058F102 /* ZMPerson.m in Sources */,
			);
			runOnlyForDeploymentPostprocessing = 0;
		};
/* End PBXSourcesBuildPhase section */

/* Begin PBXVariantGroup section */
		E49564A61E24ED420058F102 /* Main.storyboard */ = {
			isa = PBXVariantGroup;
			children = (
				E49564A71E24ED420058F102 /* Base */,
			);
			name = Main.storyboard;
			sourceTree = "<group>";
		};
		E49564AB1E24ED420058F102 /* LaunchScreen.storyboard */ = {
			isa = PBXVariantGroup;
			children = (
				E49564AC1E24ED420058F102 /* Base */,
			);
			name = LaunchScreen.storyboard;
			sourceTree = "<group>";
		};
/* End PBXVariantGroup section */

/* Begin XCBuildConfiguration section */
		E49564AF1E24ED420058F102 /* Debug */ = {
			isa = XCBuildConfiguration;
			buildSettings = {
				ALWAYS_SEARCH_USER_PATHS = NO;
				CLANG_ANALYZER_NONNULL = YES;
				CLANG_CXX_LANGUAGE_STANDARD = "gnu++0x";
				CLANG_CXX_LIBRARY = "libc++";
				CLANG_ENABLE_MODULES = YES;
				CLANG_ENABLE_OBJC_ARC = YES;
				CLANG_WARN_BOOL_CONVERSION = YES;
				CLANG_WARN_CONSTANT_CONVERSION = YES;
				CLANG_WARN_DIRECT_OBJC_ISA_USAGE = YES_ERROR;
				CLANG_WARN_DOCUMENTATION_COMMENTS = YES;
				CLANG_WARN_EMPTY_BODY = YES;
				CLANG_WARN_ENUM_CONVERSION = YES;
				CLANG_WARN_INFINITE_RECURSION = YES;
				CLANG_WARN_INT_CONVERSION = YES;
				CLANG_WARN_OBJC_ROOT_CLASS = YES_ERROR;
				CLANG_WARN_SUSPICIOUS_MOVE = YES;
				CLANG_WARN_UNREACHABLE_CODE = YES;
				CLANG_WARN__DUPLICATE_METHOD_MATCH = YES;
				"CODE_SIGN_IDENTITY[sdk=iphoneos*]" = "iPhone Developer";
				COPY_PHASE_STRIP = NO;
				DEBUG_INFORMATION_FORMAT = dwarf;
				ENABLE_STRICT_OBJC_MSGSEND = YES;
				ENABLE_TESTABILITY = YES;
				GCC_C_LANGUAGE_STANDARD = gnu99;
				GCC_DYNAMIC_NO_PIC = NO;
				GCC_NO_COMMON_BLOCKS = YES;
				GCC_OPTIMIZATION_LEVEL = 0;
				GCC_PREPROCESSOR_DEFINITIONS = (
					"DEBUG=1",
					"$(inherited)",
				);
				GCC_WARN_64_TO_32_BIT_CONVERSION = YES;
				GCC_WARN_ABOUT_RETURN_TYPE = YES_ERROR;
				GCC_WARN_UNDECLARED_SELECTOR = YES;
				GCC_WARN_UNINITIALIZED_AUTOS = YES_AGGRESSIVE;
				GCC_WARN_UNUSED_FUNCTION = YES;
				GCC_WARN_UNUSED_VARIABLE = YES;
				IPHONEOS_DEPLOYMENT_TARGET = 10.2;
				MTL_ENABLE_DEBUG_INFO = YES;
				ONLY_ACTIVE_ARCH = YES;
				SDKROOT = iphoneos;
			};
			name = Debug;
		};
		E49564B01E24ED420058F102 /* Release */ = {
			isa = XCBuildConfiguration;
			buildSettings = {
				ALWAYS_SEARCH_USER_PATHS = NO;
				CLANG_ANALYZER_NONNULL = YES;
				CLANG_CXX_LANGUAGE_STANDARD = "gnu++0x";
				CLANG_CXX_LIBRARY = "libc++";
				CLANG_ENABLE_MODULES = YES;
				CLANG_ENABLE_OBJC_ARC = YES;
				CLANG_WARN_BOOL_CONVERSION = YES;
				CLANG_WARN_CONSTANT_CONVERSION = YES;
				CLANG_WARN_DIRECT_OBJC_ISA_USAGE = YES_ERROR;
				CLANG_WARN_DOCUMENTATION_COMMENTS = YES;
				CLANG_WARN_EMPTY_BODY = YES;
				CLANG_WARN_ENUM_CONVERSION = YES;
				CLANG_WARN_INFINITE_RECURSION = YES;
				CLANG_WARN_INT_CONVERSION = YES;
				CLANG_WARN_OBJC_ROOT_CLASS = YES_ERROR;
				CLANG_WARN_SUSPICIOUS_MOVE = YES;
				CLANG_WARN_UNREACHABLE_CODE = YES;
				CLANG_WARN__DUPLICATE_METHOD_MATCH = YES;
				"CODE_SIGN_IDENTITY[sdk=iphoneos*]" = "iPhone Developer";
				COPY_PHASE_STRIP = NO;
				DEBUG_INFORMATION_FORMAT = "dwarf-with-dsym";
				ENABLE_NS_ASSERTIONS = NO;
				ENABLE_STRICT_OBJC_MSGSEND = YES;
				GCC_C_LANGUAGE_STANDARD = gnu99;
				GCC_NO_COMMON_BLOCKS = YES;
				GCC_WARN_64_TO_32_BIT_CONVERSION = YES;
				GCC_WARN_ABOUT_RETURN_TYPE = YES_ERROR;
				GCC_WARN_UNDECLARED_SELECTOR = YES;
				GCC_WARN_UNINITIALIZED_AUTOS = YES_AGGRESSIVE;
				GCC_WARN_UNUSED_FUNCTION = YES;
				GCC_WARN_UNUSED_VARIABLE = YES;
				IPHONEOS_DEPLOYMENT_TARGET = 10.2;
				MTL_ENABLE_DEBUG_INFO = NO;
				SDKROOT = iphoneos;
				VALIDATE_PRODUCT = YES;
			};
			name = Release;
		};
		E49564B21E24ED420058F102 /* Debug */ = {
			isa = XCBuildConfiguration;
			buildSettings = {
				ASSETCATALOG_COMPILER_APPICON_NAME = AppIcon;
				DEVELOPMENT_TEAM = "";
				INFOPLIST_FILE = ObjCMessageSendDemo/Info.plist;
				IPHONEOS_DEPLOYMENT_TARGET = 8.0;
				LD_RUNPATH_SEARCH_PATHS = "$(inherited) @executable_path/Frameworks";
				PRODUCT_BUNDLE_IDENTIFIER = com.SwiftZimu.ObjCMessageSendDemo;
				PRODUCT_NAME = "$(TARGET_NAME)";
			};
			name = Debug;
		};
		E49564B31E24ED420058F102 /* Release */ = {
			isa = XCBuildConfiguration;
			buildSettings = {
				ASSETCATALOG_COMPILER_APPICON_NAME = AppIcon;
				DEVELOPMENT_TEAM = "";
				INFOPLIST_FILE = ObjCMessageSendDemo/Info.plist;
				IPHONEOS_DEPLOYMENT_TARGET = 8.0;
				LD_RUNPATH_SEARCH_PATHS = "$(inherited) @executable_path/Frameworks";
				PRODUCT_BUNDLE_IDENTIFIER = com.SwiftZimu.ObjCMessageSendDemo;
				PRODUCT_NAME = "$(TARGET_NAME)";
			};
			name = Release;
		};
/* End XCBuildConfiguration section */

/* Begin XCConfigurationList section */
		E49564951E24ED420058F102 /* Build configuration list for PBXProject "ObjCMessageSendDemo" */ = {
			isa = XCConfigurationList;
			buildConfigurations = (
				E49564AF1E24ED420058F102 /* Debug */,
				E49564B01E24ED420058F102 /* Release */,
			);
			defaultConfigurationIsVisible = 0;
			defaultConfigurationName = Release;
		};
		E49564B11E24ED420058F102 /* Build configuration list for PBXNativeTarget "ObjCMessageSendDemo" */ = {
			isa = XCConfigurationList;
			buildConfigurations = (
				E49564B21E24ED420058F102 /* Debug */,
				E49564B31E24ED420058F102 /* Release */,
			);
			defaultConfigurationIsVisible = 0;
			defaultConfigurationName = Release;
		};
/* End XCConfigurationList section */
	};
	rootObject = E49564921E24ED420058F102 /* Project object */;
}
